
Microsoft Visual Studio Solution File, Format Version 12.00
# Visual Studio Version 17
VisualStudioVersion = 17.14.36327.8 d17.14
MinimumVisualStudioVersion = 10.0.40219.1
Project("{FAE04EC0-301F-11D3-BF4B-00C04F79EFBC}") = "IDT", "IDT\IDT.csproj", "{D0FE4E7A-CFD6-4173-88A5-289C6F689D19}"
EndProject
Global
	GlobalSection(SolutionConfigurationPlatforms) = preSolution
		Debug|Any CPU = Debug|Any CPU
		Release|Any CPU = Release|Any CPU
	EndGlobalSection
	GlobalSection(ProjectConfigurationPlatforms) = postSolution
		{D0FE4E7A-CFD6-4173-88A5-289C6F689D19}.Debug|Any CPU.ActiveCfg = Debug|Any CPU
		{D0FE4E7A-CFD6-4173-88A5-289C6F689D19}.Debug|Any CPU.Build.0 = Debug|Any CPU
		{D0FE4E7A-CFD6-4173-88A5-289C6F689D19}.Release|Any CPU.ActiveCfg = Release|Any CPU
		{D0FE4E7A-CFD6-4173-88A5-289C6F689D19}.Release|Any CPU.Build.0 = Release|Any CPU
	EndGlobalSection
	GlobalSection(SolutionProperties) = preSolution
		HideSolutionNode = FALSE
	EndGlobalSection
	GlobalSection(ExtensibilityGlobals) = postSolution
		SolutionGuid = {7073312A-56F5-44DA-8FBF-DBD16EB81552}
	EndGlobalSection
EndGlobal
